
Microsoft Visual Studio Solution File, Format Version 12.00
# Visual Studio Version 16
VisualStudioVersion = 16.0.29509.3
MinimumVisualStudioVersion = 10.0.40219.1
Project("{9A19103F-16F7-4668-BE54-9A1E7A4F7556}") = "PizzaTime.Core", "PizzaTime.Core\PizzaTime.Core.csproj", "{86CCB76C-9DD5-4946-9D95-6317F8F7D408}"
EndProject
Project("{9A19103F-16F7-4668-BE54-9A1E7A4F7556}") = "PizzaTime.Core.Tests", "PizzaTime.Core.Tests\PizzaTime.Core.Tests.csproj", "{FC8218CF-E9D8-4F10-B715-ADFB83B70EF3}"
EndProject
Project("{9A19103F-16F7-4668-BE54-9A1E7A4F7556}") = "PizzaTime.VoiceApi", "PizzaTime.VoiceApi\PizzaTime.VoiceApi.csproj", "{B56AC4D6-688A-43AB-B967-9AEC8D7D1829}"
EndProject
Project("{9A19103F-16F7-4668-BE54-9A1E7A4F7556}") = "PizzaTime.VoiceFileGenerator", "PizzaTime.VoiceFileGenerator\PizzaTime.VoiceFileGenerator.csproj", "{8274F81F-9C85-448D-AC7F-CBC32C38512E}"
EndProject
Global
	GlobalSection(SolutionConfigurationPlatforms) = preSolution
		Debug|Any CPU = Debug|Any CPU
		Release|Any CPU = Release|Any CPU
	EndGlobalSection
	GlobalSection(ProjectConfigurationPlatforms) = postSolution
		{86CCB76C-9DD5-4946-9D95-6317F8F7D408}.Debug|Any CPU.ActiveCfg = Debug|Any CPU
		{86CCB76C-9DD5-4946-9D95-6317F8F7D408}.Debug|Any CPU.Build.0 = Debug|Any CPU
		{86CCB76C-9DD5-4946-9D95-6317F8F7D408}.Release|Any CPU.ActiveCfg = Release|Any CPU
		{86CCB76C-9DD5-4946-9D95-6317F8F7D408}.Release|Any CPU.Build.0 = Release|Any CPU
		{FC8218CF-E9D8-4F10-B715-ADFB83B70EF3}.Debug|Any CPU.ActiveCfg = Debug|Any CPU
		{FC8218CF-E9D8-4F10-B715-ADFB83B70EF3}.Debug|Any CPU.Build.0 = Debug|Any CPU
		{FC8218CF-E9D8-4F10-B715-ADFB83B70EF3}.Release|Any CPU.ActiveCfg = Release|Any CPU
		{FC8218CF-E9D8-4F10-B715-ADFB83B70EF3}.Release|Any CPU.Build.0 = Release|Any CPU
		{B56AC4D6-688A-43AB-B967-9AEC8D7D1829}.Debug|Any CPU.ActiveCfg = Debug|Any CPU
		{B56AC4D6-688A-43AB-B967-9AEC8D7D1829}.Debug|Any CPU.Build.0 = Debug|Any CPU
		{B56AC4D6-688A-43AB-B967-9AEC8D7D1829}.Release|Any CPU.ActiveCfg = Release|Any CPU
		{B56AC4D6-688A-43AB-B967-9AEC8D7D1829}.Release|Any CPU.Build.0 = Release|Any CPU
		{8274F81F-9C85-448D-AC7F-CBC32C38512E}.Debug|Any CPU.ActiveCfg = Debug|Any CPU
		{8274F81F-9C85-448D-AC7F-CBC32C38512E}.Debug|Any CPU.Build.0 = Debug|Any CPU
		{8274F81F-9C85-448D-AC7F-CBC32C38512E}.Release|Any CPU.ActiveCfg = Release|Any CPU
		{8274F81F-9C85-448D-AC7F-CBC32C38512E}.Release|Any CPU.Build.0 = Release|Any CPU
	EndGlobalSection
	GlobalSection(SolutionProperties) = preSolution
		HideSolutionNode = FALSE
	EndGlobalSection
	GlobalSection(ExtensibilityGlobals) = postSolution
		SolutionGuid = {9B6B58D0-2B31-4705-B110-527F9AD262A8}
	EndGlobalSection
EndGlobal
