
Microsoft Visual Studio Solution File, Format Version 12.00
# Visual Studio Version 16
VisualStudioVersion = 16.0.29509.3
MinimumVisualStudioVersion = 10.0.40219.1
Project("{9A19103F-16F7-4668-BE54-9A1E7A4F7556}") = "PizzaTime.Core", "PizzaTime.Core\PizzaTime.Core.csproj", "{86CCB76C-9DD5-4946-9D95-6317F8F7D408}"
EndProject
Project("{9A19103F-16F7-4668-BE54-9A1E7A4F7556}") = "PizzaTime.Core.Tests", "PizzaTime.Core.Tests\PizzaTime.Core.Tests.csproj", "{FC8218CF-E9D8-4F10-B715-ADFB83B70EF3}"
EndProject
Project("{9A19103F-16F7-4668-BE54-9A1E7A4F7556}") = "PizzaTime.VoiceEngine", "PizzaTime.VoiceEngine\PizzaTime.VoiceEngine.csproj", "{D3DBE699-DFEA-433B-89C8-458A0E22AF9A}"
EndProject
Project("{9A19103F-16F7-4668-BE54-9A1E7A4F7556}") = "PizzaTime.Console", "PizzaTime.Console\PizzaTime.Console.csproj", "{AD5F79ED-8310-4D32-8459-4C549A3553D8}"
EndProject
Project("{FAE04EC0-301F-11D3-BF4B-00C04F79EFBC}") = "PizzaTime.AudioStreamer", "PizzaTime.AudioStreamer\PizzaTime.AudioStreamer.csproj", "{9ED17415-ACB5-49C3-8544-A130FE8D393D}"
EndProject
Global
	GlobalSection(SolutionConfigurationPlatforms) = preSolution
		Debug|Any CPU = Debug|Any CPU
		Release|Any CPU = Release|Any CPU
	EndGlobalSection
	GlobalSection(ProjectConfigurationPlatforms) = postSolution
		{86CCB76C-9DD5-4946-9D95-6317F8F7D408}.Debug|Any CPU.ActiveCfg = Debug|Any CPU
		{86CCB76C-9DD5-4946-9D95-6317F8F7D408}.Debug|Any CPU.Build.0 = Debug|Any CPU
		{86CCB76C-9DD5-4946-9D95-6317F8F7D408}.Release|Any CPU.ActiveCfg = Release|Any CPU
		{86CCB76C-9DD5-4946-9D95-6317F8F7D408}.Release|Any CPU.Build.0 = Release|Any CPU
		{FC8218CF-E9D8-4F10-B715-ADFB83B70EF3}.Debug|Any CPU.ActiveCfg = Debug|Any CPU
		{FC8218CF-E9D8-4F10-B715-ADFB83B70EF3}.Debug|Any CPU.Build.0 = Debug|Any CPU
		{FC8218CF-E9D8-4F10-B715-ADFB83B70EF3}.Release|Any CPU.ActiveCfg = Release|Any CPU
		{FC8218CF-E9D8-4F10-B715-ADFB83B70EF3}.Release|Any CPU.Build.0 = Release|Any CPU
		{D3DBE699-DFEA-433B-89C8-458A0E22AF9A}.Debug|Any CPU.ActiveCfg = Debug|Any CPU
		{D3DBE699-DFEA-433B-89C8-458A0E22AF9A}.Debug|Any CPU.Build.0 = Debug|Any CPU
		{D3DBE699-DFEA-433B-89C8-458A0E22AF9A}.Release|Any CPU.ActiveCfg = Release|Any CPU
		{D3DBE699-DFEA-433B-89C8-458A0E22AF9A}.Release|Any CPU.Build.0 = Release|Any CPU
		{AD5F79ED-8310-4D32-8459-4C549A3553D8}.Debug|Any CPU.ActiveCfg = Debug|Any CPU
		{AD5F79ED-8310-4D32-8459-4C549A3553D8}.Debug|Any CPU.Build.0 = Debug|Any CPU
		{AD5F79ED-8310-4D32-8459-4C549A3553D8}.Release|Any CPU.ActiveCfg = Release|Any CPU
		{AD5F79ED-8310-4D32-8459-4C549A3553D8}.Release|Any CPU.Build.0 = Release|Any CPU
		{9ED17415-ACB5-49C3-8544-A130FE8D393D}.Debug|Any CPU.ActiveCfg = Debug|Any CPU
		{9ED17415-ACB5-49C3-8544-A130FE8D393D}.Debug|Any CPU.Build.0 = Debug|Any CPU
		{9ED17415-ACB5-49C3-8544-A130FE8D393D}.Release|Any CPU.ActiveCfg = Release|Any CPU
		{9ED17415-ACB5-49C3-8544-A130FE8D393D}.Release|Any CPU.Build.0 = Release|Any CPU
	EndGlobalSection
	GlobalSection(SolutionProperties) = preSolution
		HideSolutionNode = FALSE
	EndGlobalSection
	GlobalSection(ExtensibilityGlobals) = postSolution
		SolutionGuid = {9B6B58D0-2B31-4705-B110-527F9AD262A8}
	EndGlobalSection
EndGlobal
